// !$*UTF8*$!
{
	archiveVersion = 1;
	classes = {
	};
	objectVersion = 46;
	objects = {

/* Begin PBXBuildFile section */
		8615A6B91D83E22E006EBCB1 /* main.m in Sources */ = {isa = PBXBuildFile; fileRef = 8615A6B81D83E22E006EBCB1 /* main.m */; };
		8615A6BC1D83E22E006EBCB1 /* AppDelegate.m in Sources */ = {isa = PBXBuildFile; fileRef = 8615A6BB1D83E22E006EBCB1 /* AppDelegate.m */; };
		8615A6BF1D83E22E006EBCB1 /* ViewController.m in Sources */ = {isa = PBXBuildFile; fileRef = 8615A6BE1D83E22E006EBCB1 /* ViewController.m */; };
		8615A6C21D83E22E006EBCB1 /* Main.storyboard in Resources */ = {isa = PBXBuildFile; fileRef = 8615A6C01D83E22E006EBCB1 /* Main.storyboard */; };
		8615A6C41D83E22E006EBCB1 /* Assets.xcassets in Resources */ = {isa = PBXBuildFile; fileRef = 8615A6C31D83E22E006EBCB1 /* Assets.xcassets */; };
		8615A6C71D83E22E006EBCB1 /* LaunchScreen.storyboard in Resources */ = {isa = PBXBuildFile; fileRef = 8615A6C51D83E22E006EBCB1 /* LaunchScreen.storyboard */; };
		8615A6D21D83E22F006EBCB1 /* CFHoveringTableViewDemoTests.m in Sources */ = {isa = PBXBuildFile; fileRef = 8615A6D11D83E22F006EBCB1 /* CFHoveringTableViewDemoTests.m */; };
		8615A6DD1D83E22F006EBCB1 /* CFHoveringTableViewDemoUITests.m in Sources */ = {isa = PBXBuildFile; fileRef = 8615A6DC1D83E22F006EBCB1 /* CFHoveringTableViewDemoUITests.m */; };
		8615A6EC1D83E6D2006EBCB1 /* CFContentTableView.m in Sources */ = {isa = PBXBuildFile; fileRef = 8615A6EB1D83E6D2006EBCB1 /* CFContentTableView.m */; };
		8615A6EF1D83E6F4006EBCB1 /* CFHoveringTableViewController.m in Sources */ = {isa = PBXBuildFile; fileRef = 8615A6EE1D83E6F4006EBCB1 /* CFHoveringTableViewController.m */; };
		8615A6F21D83E789006EBCB1 /* CFTitleBar.m in Sources */ = {isa = PBXBuildFile; fileRef = 8615A6F11D83E789006EBCB1 /* CFTitleBar.m */; };
		8615A7101D83E7C5006EBCB1 /* LICENSE in Resources */ = {isa = PBXBuildFile; fileRef = 8615A6F41D83E7C5006EBCB1 /* LICENSE */; };
		8615A7111D83E7C5006EBCB1 /* MASCompositeConstraint.m in Sources */ = {isa = PBXBuildFile; fileRef = 8615A6F71D83E7C5006EBCB1 /* MASCompositeConstraint.m */; };
		8615A7121D83E7C5006EBCB1 /* MASConstraint.m in Sources */ = {isa = PBXBuildFile; fileRef = 8615A6FA1D83E7C5006EBCB1 /* MASConstraint.m */; };
		8615A7131D83E7C5006EBCB1 /* MASConstraintMaker.m in Sources */ = {isa = PBXBuildFile; fileRef = 8615A6FC1D83E7C5006EBCB1 /* MASConstraintMaker.m */; };
		8615A7141D83E7C5006EBCB1 /* MASLayoutConstraint.m in Sources */ = {isa = PBXBuildFile; fileRef = 8615A6FE1D83E7C5006EBCB1 /* MASLayoutConstraint.m */; };
		8615A7151D83E7C5006EBCB1 /* MASViewAttribute.m in Sources */ = {isa = PBXBuildFile; fileRef = 8615A7021D83E7C5006EBCB1 /* MASViewAttribute.m */; };
		8615A7161D83E7C5006EBCB1 /* MASViewConstraint.m in Sources */ = {isa = PBXBuildFile; fileRef = 8615A7041D83E7C5006EBCB1 /* MASViewConstraint.m */; };
		8615A7171D83E7C5006EBCB1 /* NSArray+MASAdditions.m in Sources */ = {isa = PBXBuildFile; fileRef = 8615A7061D83E7C5006EBCB1 /* NSArray+MASAdditions.m */; };
		8615A7181D83E7C5006EBCB1 /* NSLayoutConstraint+MASDebugAdditions.m in Sources */ = {isa = PBXBuildFile; fileRef = 8615A7091D83E7C5006EBCB1 /* NSLayoutConstraint+MASDebugAdditions.m */; };
		8615A7191D83E7C5006EBCB1 /* View+MASAdditions.m in Sources */ = {isa = PBXBuildFile; fileRef = 8615A70B1D83E7C5006EBCB1 /* View+MASAdditions.m */; };
		8615A71A1D83E7C5006EBCB1 /* ViewController+MASAdditions.m in Sources */ = {isa = PBXBuildFile; fileRef = 8615A70E1D83E7C5006EBCB1 /* ViewController+MASAdditions.m */; };
		8615A71B1D83E7C5006EBCB1 /* README.md in Sources */ = {isa = PBXBuildFile; fileRef = 8615A70F1D83E7C5006EBCB1 /* README.md */; };
		8615A7211D83F420006EBCB1 /* NextTableViewController.m in Sources */ = {isa = PBXBuildFile; fileRef = 8615A7201D83F420006EBCB1 /* NextTableViewController.m */; };
		861A8ADC1DACDE3600512E5C /* CFContentHeadView.m in Sources */ = {isa = PBXBuildFile; fileRef = 861A8ADB1DACDE3600512E5C /* CFContentHeadView.m */; };
		867E44EF1DADEA2700C985A9 /* MJRefreshAutoFooter.m in Sources */ = {isa = PBXBuildFile; fileRef = 867E44C31DADEA2700C985A9 /* MJRefreshAutoFooter.m */; };
		867E44F01DADEA2700C985A9 /* MJRefreshBackFooter.m in Sources */ = {isa = PBXBuildFile; fileRef = 867E44C51DADEA2700C985A9 /* MJRefreshBackFooter.m */; };
		867E44F11DADEA2700C985A9 /* MJRefreshComponent.m in Sources */ = {isa = PBXBuildFile; fileRef = 867E44C71DADEA2700C985A9 /* MJRefreshComponent.m */; };
		867E44F21DADEA2700C985A9 /* MJRefreshFooter.m in Sources */ = {isa = PBXBuildFile; fileRef = 867E44C91DADEA2700C985A9 /* MJRefreshFooter.m */; };
		867E44F31DADEA2700C985A9 /* MJRefreshHeader.m in Sources */ = {isa = PBXBuildFile; fileRef = 867E44CB1DADEA2700C985A9 /* MJRefreshHeader.m */; };
		867E44F41DADEA2700C985A9 /* MJRefreshAutoGifFooter.m in Sources */ = {isa = PBXBuildFile; fileRef = 867E44D01DADEA2700C985A9 /* MJRefreshAutoGifFooter.m */; };
		867E44F51DADEA2700C985A9 /* MJRefreshAutoNormalFooter.m in Sources */ = {isa = PBXBuildFile; fileRef = 867E44D21DADEA2700C985A9 /* MJRefreshAutoNormalFooter.m */; };
		867E44F61DADEA2700C985A9 /* MJRefreshAutoStateFooter.m in Sources */ = {isa = PBXBuildFile; fileRef = 867E44D41DADEA2700C985A9 /* MJRefreshAutoStateFooter.m */; };
		867E44F71DADEA2700C985A9 /* MJRefreshBackGifFooter.m in Sources */ = {isa = PBXBuildFile; fileRef = 867E44D71DADEA2700C985A9 /* MJRefreshBackGifFooter.m */; };
		867E44F81DADEA2700C985A9 /* MJRefreshBackNormalFooter.m in Sources */ = {isa = PBXBuildFile; fileRef = 867E44D91DADEA2700C985A9 /* MJRefreshBackNormalFooter.m */; };
		867E44F91DADEA2700C985A9 /* MJRefreshBackStateFooter.m in Sources */ = {isa = PBXBuildFile; fileRef = 867E44DB1DADEA2700C985A9 /* MJRefreshBackStateFooter.m */; };
		867E44FA1DADEA2700C985A9 /* MJRefreshGifHeader.m in Sources */ = {isa = PBXBuildFile; fileRef = 867E44DE1DADEA2700C985A9 /* MJRefreshGifHeader.m */; };
		867E44FB1DADEA2700C985A9 /* MJRefreshNormalHeader.m in Sources */ = {isa = PBXBuildFile; fileRef = 867E44E01DADEA2700C985A9 /* MJRefreshNormalHeader.m */; };
		867E44FC1DADEA2700C985A9 /* MJRefreshStateHeader.m in Sources */ = {isa = PBXBuildFile; fileRef = 867E44E21DADEA2700C985A9 /* MJRefreshStateHeader.m */; };
		867E44FD1DADEA2700C985A9 /* MJRefresh.bundle in Resources */ = {isa = PBXBuildFile; fileRef = 867E44E31DADEA2700C985A9 /* MJRefresh.bundle */; };
		867E44FE1DADEA2700C985A9 /* MJRefreshConst.m in Sources */ = {isa = PBXBuildFile; fileRef = 867E44E61DADEA2700C985A9 /* MJRefreshConst.m */; };
		867E44FF1DADEA2700C985A9 /* NSBundle+MJRefresh.m in Sources */ = {isa = PBXBuildFile; fileRef = 867E44E81DADEA2700C985A9 /* NSBundle+MJRefresh.m */; };
		867E45001DADEA2700C985A9 /* UIScrollView+MJExtension.m in Sources */ = {isa = PBXBuildFile; fileRef = 867E44EA1DADEA2700C985A9 /* UIScrollView+MJExtension.m */; };
		867E45011DADEA2700C985A9 /* UIScrollView+MJRefresh.m in Sources */ = {isa = PBXBuildFile; fileRef = 867E44EC1DADEA2700C985A9 /* UIScrollView+MJRefresh.m */; };
		867E45021DADEA2700C985A9 /* UIView+MJExtension.m in Sources */ = {isa = PBXBuildFile; fileRef = 867E44EE1DADEA2700C985A9 /* UIView+MJExtension.m */; };
		8696707E1DAB9AF0001B28E2 /* CFContentScrollView.m in Sources */ = {isa = PBXBuildFile; fileRef = 8696707D1DAB9AF0001B28E2 /* CFContentScrollView.m */; };
/* End PBXBuildFile section */

/* Begin PBXContainerItemProxy section */
		8615A6CE1D83E22F006EBCB1 /* PBXContainerItemProxy */ = {
			isa = PBXContainerItemProxy;
			containerPortal = 8615A6AC1D83E22E006EBCB1 /* Project object */;
			proxyType = 1;
			remoteGlobalIDString = 8615A6B31D83E22E006EBCB1;
			remoteInfo = CFHoveringTableViewDemo;
		};
		8615A6D91D83E22F006EBCB1 /* PBXContainerItemProxy */ = {
			isa = PBXContainerItemProxy;
			containerPortal = 8615A6AC1D83E22E006EBCB1 /* Project object */;
			proxyType = 1;
			remoteGlobalIDString = 8615A6B31D83E22E006EBCB1;
			remoteInfo = CFHoveringTableViewDemo;
		};
/* End PBXContainerItemProxy section */

/* Begin PBXFileReference section */
		8615A6B41D83E22E006EBCB1 /* CFHoveringTableViewDemo.app */ = {isa = PBXFileReference; explicitFileType = wrapper.application; includeInIndex = 0; path = CFHoveringTableViewDemo.app; sourceTree = BUILT_PRODUCTS_DIR; };
		8615A6B81D83E22E006EBCB1 /* main.m */ = {isa = PBXFileReference; lastKnownFileType = sourcecode.c.objc; path = main.m; sourceTree = "<group>"; };
		8615A6BA1D83E22E006EBCB1 /* AppDelegate.h */ = {isa = PBXFileReference; lastKnownFileType = sourcecode.c.h; path = AppDelegate.h; sourceTree = "<group>"; };
		8615A6BB1D83E22E006EBCB1 /* AppDelegate.m */ = {isa = PBXFileReference; lastKnownFileType = sourcecode.c.objc; path = AppDelegate.m; sourceTree = "<group>"; };
		8615A6BD1D83E22E006EBCB1 /* ViewController.h */ = {isa = PBXFileReference; lastKnownFileType = sourcecode.c.h; path = ViewController.h; sourceTree = "<group>"; };
		8615A6BE1D83E22E006EBCB1 /* ViewController.m */ = {isa = PBXFileReference; lastKnownFileType = sourcecode.c.objc; path = ViewController.m; sourceTree = "<group>"; };
		8615A6C11D83E22E006EBCB1 /* Base */ = {isa = PBXFileReference; lastKnownFileType = file.storyboard; name = Base; path = Base.lproj/Main.storyboard; sourceTree = "<group>"; };
		8615A6C31D83E22E006EBCB1 /* Assets.xcassets */ = {isa = PBXFileReference; lastKnownFileType = folder.assetcatalog; path = Assets.xcassets; sourceTree = "<group>"; };
		8615A6C61D83E22E006EBCB1 /* Base */ = {isa = PBXFileReference; lastKnownFileType = file.storyboard; name = Base; path = Base.lproj/LaunchScreen.storyboard; sourceTree = "<group>"; };
		8615A6C81D83E22E006EBCB1 /* Info.plist */ = {isa = PBXFileReference; lastKnownFileType = text.plist.xml; path = Info.plist; sourceTree = "<group>"; };
		8615A6CD1D83E22F006EBCB1 /* CFHoveringTableViewDemoTests.xctest */ = {isa = PBXFileReference; explicitFileType = wrapper.cfbundle; includeInIndex = 0; path = CFHoveringTableViewDemoTests.xctest; sourceTree = BUILT_PRODUCTS_DIR; };
		8615A6D11D83E22F006EBCB1 /* CFHoveringTableViewDemoTests.m */ = {isa = PBXFileReference; lastKnownFileType = sourcecode.c.objc; path = CFHoveringTableViewDemoTests.m; sourceTree = "<group>"; };
		8615A6D31D83E22F006EBCB1 /* Info.plist */ = {isa = PBXFileReference; lastKnownFileType = text.plist.xml; path = Info.plist; sourceTree = "<group>"; };
		8615A6D81D83E22F006EBCB1 /* CFHoveringTableViewDemoUITests.xctest */ = {isa = PBXFileReference; explicitFileType = wrapper.cfbundle; includeInIndex = 0; path = CFHoveringTableViewDemoUITests.xctest; sourceTree = BUILT_PRODUCTS_DIR; };
		8615A6DC1D83E22F006EBCB1 /* CFHoveringTableViewDemoUITests.m */ = {isa = PBXFileReference; lastKnownFileType = sourcecode.c.objc; path = CFHoveringTableViewDemoUITests.m; sourceTree = "<group>"; };
		8615A6DE1D83E22F006EBCB1 /* Info.plist */ = {isa = PBXFileReference; lastKnownFileType = text.plist.xml; path = Info.plist; sourceTree = "<group>"; };
		8615A6EA1D83E6D2006EBCB1 /* CFContentTableView.h */ = {isa = PBXFileReference; fileEncoding = 4; lastKnownFileType = sourcecode.c.h; path = CFContentTableView.h; sourceTree = "<group>"; };
		8615A6EB1D83E6D2006EBCB1 /* CFContentTableView.m */ = {isa = PBXFileReference; fileEncoding = 4; lastKnownFileType = sourcecode.c.objc; path = CFContentTableView.m; sourceTree = "<group>"; };
		8615A6ED1D83E6F4006EBCB1 /* CFHoveringTableViewController.h */ = {isa = PBXFileReference; fileEncoding = 4; lastKnownFileType = sourcecode.c.h; path = CFHoveringTableViewController.h; sourceTree = "<group>"; };
		8615A6EE1D83E6F4006EBCB1 /* CFHoveringTableViewController.m */ = {isa = PBXFileReference; fileEncoding = 4; lastKnownFileType = sourcecode.c.objc; path = CFHoveringTableViewController.m; sourceTree = "<group>"; };
		8615A6F01D83E789006EBCB1 /* CFTitleBar.h */ = {isa = PBXFileReference; fileEncoding = 4; lastKnownFileType = sourcecode.c.h; path = CFTitleBar.h; sourceTree = "<group>"; };
		8615A6F11D83E789006EBCB1 /* CFTitleBar.m */ = {isa = PBXFileReference; fileEncoding = 4; lastKnownFileType = sourcecode.c.objc; path = CFTitleBar.m; sourceTree = "<group>"; };
		8615A6F41D83E7C5006EBCB1 /* LICENSE */ = {isa = PBXFileReference; fileEncoding = 4; lastKnownFileType = text; path = LICENSE; sourceTree = "<group>"; };
		8615A6F61D83E7C5006EBCB1 /* MASCompositeConstraint.h */ = {isa = PBXFileReference; fileEncoding = 4; lastKnownFileType = sourcecode.c.h; path = MASCompositeConstraint.h; sourceTree = "<group>"; };
		8615A6F71D83E7C5006EBCB1 /* MASCompositeConstraint.m */ = {isa = PBXFileReference; fileEncoding = 4; lastKnownFileType = sourcecode.c.objc; path = MASCompositeConstraint.m; sourceTree = "<group>"; };
		8615A6F81D83E7C5006EBCB1 /* MASConstraint+Private.h */ = {isa = PBXFileReference; fileEncoding = 4; lastKnownFileType = sourcecode.c.h; path = "MASConstraint+Private.h"; sourceTree = "<group>"; };
		8615A6F91D83E7C5006EBCB1 /* MASConstraint.h */ = {isa = PBXFileReference; fileEncoding = 4; lastKnownFileType = sourcecode.c.h; path = MASConstraint.h; sourceTree = "<group>"; };
		8615A6FA1D83E7C5006EBCB1 /* MASConstraint.m */ = {isa = PBXFileReference; fileEncoding = 4; lastKnownFileType = sourcecode.c.objc; path = MASConstraint.m; sourceTree = "<group>"; };
		8615A6FB1D83E7C5006EBCB1 /* MASConstraintMaker.h */ = {isa = PBXFileReference; fileEncoding = 4; lastKnownFileType = sourcecode.c.h; path = MASConstraintMaker.h; sourceTree = "<group>"; };
		8615A6FC1D83E7C5006EBCB1 /* MASConstraintMaker.m */ = {isa = PBXFileReference; fileEncoding = 4; lastKnownFileType = sourcecode.c.objc; path = MASConstraintMaker.m; sourceTree = "<group>"; };
		8615A6FD1D83E7C5006EBCB1 /* MASLayoutConstraint.h */ = {isa = PBXFileReference; fileEncoding = 4; lastKnownFileType = sourcecode.c.h; path = MASLayoutConstraint.h; sourceTree = "<group>"; };
		8615A6FE1D83E7C5006EBCB1 /* MASLayoutConstraint.m */ = {isa = PBXFileReference; fileEncoding = 4; lastKnownFileType = sourcecode.c.objc; path = MASLayoutConstraint.m; sourceTree = "<group>"; };
		8615A6FF1D83E7C5006EBCB1 /* Masonry.h */ = {isa = PBXFileReference; fileEncoding = 4; lastKnownFileType = sourcecode.c.h; path = Masonry.h; sourceTree = "<group>"; };
		8615A7001D83E7C5006EBCB1 /* MASUtilities.h */ = {isa = PBXFileReference; fileEncoding = 4; lastKnownFileType = sourcecode.c.h; path = MASUtilities.h; sourceTree = "<group>"; };
		8615A7011D83E7C5006EBCB1 /* MASViewAttribute.h */ = {isa = PBXFileReference; fileEncoding = 4; lastKnownFileType = sourcecode.c.h; path = MASViewAttribute.h; sourceTree = "<group>"; };
		8615A7021D83E7C5006EBCB1 /* MASViewAttribute.m */ = {isa = PBXFileReference; fileEncoding = 4; lastKnownFileType = sourcecode.c.objc; path = MASViewAttribute.m; sourceTree = "<group>"; };
		8615A7031D83E7C5006EBCB1 /* MASViewConstraint.h */ = {isa = PBXFileReference; fileEncoding = 4; lastKnownFileType = sourcecode.c.h; path = MASViewConstraint.h; sourceTree = "<group>"; };
		8615A7041D83E7C5006EBCB1 /* MASViewConstraint.m */ = {isa = PBXFileReference; fileEncoding = 4; lastKnownFileType = sourcecode.c.objc; path = MASViewConstraint.m; sourceTree = "<group>"; };
		8615A7051D83E7C5006EBCB1 /* NSArray+MASAdditions.h */ = {isa = PBXFileReference; fileEncoding = 4; lastKnownFileType = sourcecode.c.h; path = "NSArray+MASAdditions.h"; sourceTree = "<group>"; };
		8615A7061D83E7C5006EBCB1 /* NSArray+MASAdditions.m */ = {isa = PBXFileReference; fileEncoding = 4; lastKnownFileType = sourcecode.c.objc; path = "NSArray+MASAdditions.m"; sourceTree = "<group>"; };
		8615A7071D83E7C5006EBCB1 /* NSArray+MASShorthandAdditions.h */ = {isa = PBXFileReference; fileEncoding = 4; lastKnownFileType = sourcecode.c.h; path = "NSArray+MASShorthandAdditions.h"; sourceTree = "<group>"; };
		8615A7081D83E7C5006EBCB1 /* NSLayoutConstraint+MASDebugAdditions.h */ = {isa = PBXFileReference; fileEncoding = 4; lastKnownFileType = sourcecode.c.h; path = "NSLayoutConstraint+MASDebugAdditions.h"; sourceTree = "<group>"; };
		8615A7091D83E7C5006EBCB1 /* NSLayoutConstraint+MASDebugAdditions.m */ = {isa = PBXFileReference; fileEncoding = 4; lastKnownFileType = sourcecode.c.objc; path = "NSLayoutConstraint+MASDebugAdditions.m"; sourceTree = "<group>"; };
		8615A70A1D83E7C5006EBCB1 /* View+MASAdditions.h */ = {isa = PBXFileReference; fileEncoding = 4; lastKnownFileType = sourcecode.c.h; path = "View+MASAdditions.h"; sourceTree = "<group>"; };
		8615A70B1D83E7C5006EBCB1 /* View+MASAdditions.m */ = {isa = PBXFileReference; fileEncoding = 4; lastKnownFileType = sourcecode.c.objc; path = "View+MASAdditions.m"; sourceTree = "<group>"; };
		8615A70C1D83E7C5006EBCB1 /* View+MASShorthandAdditions.h */ = {isa = PBXFileReference; fileEncoding = 4; lastKnownFileType = sourcecode.c.h; path = "View+MASShorthandAdditions.h"; sourceTree = "<group>"; };
		8615A70D1D83E7C5006EBCB1 /* ViewController+MASAdditions.h */ = {isa = PBXFileReference; fileEncoding = 4; lastKnownFileType = sourcecode.c.h; path = "ViewController+MASAdditions.h"; sourceTree = "<group>"; };
		8615A70E1D83E7C5006EBCB1 /* ViewController+MASAdditions.m */ = {isa = PBXFileReference; fileEncoding = 4; lastKnownFileType = sourcecode.c.objc; path = "ViewController+MASAdditions.m"; sourceTree = "<group>"; };
		8615A70F1D83E7C5006EBCB1 /* README.md */ = {isa = PBXFileReference; fileEncoding = 4; lastKnownFileType = net.daringfireball.markdown; path = README.md; sourceTree = "<group>"; };
		8615A71C1D83E7FC006EBCB1 /* CFPreHeader.pch */ = {isa = PBXFileReference; lastKnownFileType = sourcecode.c.h; path = CFPreHeader.pch; sourceTree = "<group>"; };
		8615A71F1D83F420006EBCB1 /* NextTableViewController.h */ = {isa = PBXFileReference; fileEncoding = 4; lastKnownFileType = sourcecode.c.h; path = NextTableViewController.h; sourceTree = "<group>"; };
		8615A7201D83F420006EBCB1 /* NextTableViewController.m */ = {isa = PBXFileReference; fileEncoding = 4; lastKnownFileType = sourcecode.c.objc; path = NextTableViewController.m; sourceTree = "<group>"; };
		861A8ADA1DACDE3600512E5C /* CFContentHeadView.h */ = {isa = PBXFileReference; fileEncoding = 4; lastKnownFileType = sourcecode.c.h; path = CFContentHeadView.h; sourceTree = "<group>"; };
		861A8ADB1DACDE3600512E5C /* CFContentHeadView.m */ = {isa = PBXFileReference; fileEncoding = 4; lastKnownFileType = sourcecode.c.objc; path = CFContentHeadView.m; sourceTree = "<group>"; };
		867E44C21DADEA2700C985A9 /* MJRefreshAutoFooter.h */ = {isa = PBXFileReference; fileEncoding = 4; lastKnownFileType = sourcecode.c.h; path = MJRefreshAutoFooter.h; sourceTree = "<group>"; };
		867E44C31DADEA2700C985A9 /* MJRefreshAutoFooter.m */ = {isa = PBXFileReference; fileEncoding = 4; lastKnownFileType = sourcecode.c.objc; path = MJRefreshAutoFooter.m; sourceTree = "<group>"; };
		867E44C41DADEA2700C985A9 /* MJRefreshBackFooter.h */ = {isa = PBXFileReference; fileEncoding = 4; lastKnownFileType = sourcecode.c.h; path = MJRefreshBackFooter.h; sourceTree = "<group>"; };
		867E44C51DADEA2700C985A9 /* MJRefreshBackFooter.m */ = {isa = PBXFileReference; fileEncoding = 4; lastKnownFileType = sourcecode.c.objc; path = MJRefreshBackFooter.m; sourceTree = "<group>"; };
		867E44C61DADEA2700C985A9 /* MJRefreshComponent.h */ = {isa = PBXFileReference; fileEncoding = 4; lastKnownFileType = sourcecode.c.h; path = MJRefreshComponent.h; sourceTree = "<group>"; };
		867E44C71DADEA2700C985A9 /* MJRefreshComponent.m */ = {isa = PBXFileReference; fileEncoding = 4; lastKnownFileType = sourcecode.c.objc; path = MJRefreshComponent.m; sourceTree = "<group>"; };
		867E44C81DADEA2700C985A9 /* MJRefreshFooter.h */ = {isa = PBXFileReference; fileEncoding = 4; lastKnownFileType = sourcecode.c.h; path = MJRefreshFooter.h; sourceTree = "<group>"; };
		867E44C91DADEA2700C985A9 /* MJRefreshFooter.m */ = {isa = PBXFileReference; fileEncoding = 4; lastKnownFileType = sourcecode.c.objc; path = MJRefreshFooter.m; sourceTree = "<group>"; };
		867E44CA1DADEA2700C985A9 /* MJRefreshHeader.h */ = {isa = PBXFileReference; fileEncoding = 4; lastKnownFileType = sourcecode.c.h; path = MJRefreshHeader.h; sourceTree = "<group>"; };
		867E44CB1DADEA2700C985A9 /* MJRefreshHeader.m */ = {isa = PBXFileReference; fileEncoding = 4; lastKnownFileType = sourcecode.c.objc; path = MJRefreshHeader.m; sourceTree = "<group>"; };
		867E44CF1DADEA2700C985A9 /* MJRefreshAutoGifFooter.h */ = {isa = PBXFileReference; fileEncoding = 4; lastKnownFileType = sourcecode.c.h; path = MJRefreshAutoGifFooter.h; sourceTree = "<group>"; };
		867E44D01DADEA2700C985A9 /* MJRefreshAutoGifFooter.m */ = {isa = PBXFileReference; fileEncoding = 4; lastKnownFileType = sourcecode.c.objc; path = MJRefreshAutoGifFooter.m; sourceTree = "<group>"; };
		867E44D11DADEA2700C985A9 /* MJRefreshAutoNormalFooter.h */ = {isa = PBXFileReference; fileEncoding = 4; lastKnownFileType = sourcecode.c.h; path = MJRefreshAutoNormalFooter.h; sourceTree = "<group>"; };
		867E44D21DADEA2700C985A9 /* MJRefreshAutoNormalFooter.m */ = {isa = PBXFileReference; fileEncoding = 4; lastKnownFileType = sourcecode.c.objc; path = MJRefreshAutoNormalFooter.m; sourceTree = "<group>"; };
		867E44D31DADEA2700C985A9 /* MJRefreshAutoStateFooter.h */ = {isa = PBXFileReference; fileEncoding = 4; lastKnownFileType = sourcecode.c.h; path = MJRefreshAutoStateFooter.h; sourceTree = "<group>"; };
		867E44D41DADEA2700C985A9 /* MJRefreshAutoStateFooter.m */ = {isa = PBXFileReference; fileEncoding = 4; lastKnownFileType = sourcecode.c.objc; path = MJRefreshAutoStateFooter.m; sourceTree = "<group>"; };
		867E44D61DADEA2700C985A9 /* MJRefreshBackGifFooter.h */ = {isa = PBXFileReference; fileEncoding = 4; lastKnownFileType = sourcecode.c.h; path = MJRefreshBackGifFooter.h; sourceTree = "<group>"; };
		867E44D71DADEA2700C985A9 /* MJRefreshBackGifFooter.m */ = {isa = PBXFileReference; fileEncoding = 4; lastKnownFileType = sourcecode.c.objc; path = MJRefreshBackGifFooter.m; sourceTree = "<group>"; };
		867E44D81DADEA2700C985A9 /* MJRefreshBackNormalFooter.h */ = {isa = PBXFileReference; fileEncoding = 4; lastKnownFileType = sourcecode.c.h; path = MJRefreshBackNormalFooter.h; sourceTree = "<group>"; };
		867E44D91DADEA2700C985A9 /* MJRefreshBackNormalFooter.m */ = {isa = PBXFileReference; fileEncoding = 4; lastKnownFileType = sourcecode.c.objc; path = MJRefreshBackNormalFooter.m; sourceTree = "<group>"; };
		867E44DA1DADEA2700C985A9 /* MJRefreshBackStateFooter.h */ = {isa = PBXFileReference; fileEncoding = 4; lastKnownFileType = sourcecode.c.h; path = MJRefreshBackStateFooter.h; sourceTree = "<group>"; };
		867E44DB1DADEA2700C985A9 /* MJRefreshBackStateFooter.m */ = {isa = PBXFileReference; fileEncoding = 4; lastKnownFileType = sourcecode.c.objc; path = MJRefreshBackStateFooter.m; sourceTree = "<group>"; };
		867E44DD1DADEA2700C985A9 /* MJRefreshGifHeader.h */ = {isa = PBXFileReference; fileEncoding = 4; lastKnownFileType = sourcecode.c.h; path = MJRefreshGifHeader.h; sourceTree = "<group>"; };
		867E44DE1DADEA2700C985A9 /* MJRefreshGifHeader.m */ = {isa = PBXFileReference; fileEncoding = 4; lastKnownFileType = sourcecode.c.objc; path = MJRefreshGifHeader.m; sourceTree = "<group>"; };
		867E44DF1DADEA2700C985A9 /* MJRefreshNormalHeader.h */ = {isa = PBXFileReference; fileEncoding = 4; lastKnownFileType = sourcecode.c.h; path = MJRefreshNormalHeader.h; sourceTree = "<group>"; };
		867E44E01DADEA2700C985A9 /* MJRefreshNormalHeader.m */ = {isa = PBXFileReference; fileEncoding = 4; lastKnownFileType = sourcecode.c.objc; path = MJRefreshNormalHeader.m; sourceTree = "<group>"; };
		867E44E11DADEA2700C985A9 /* MJRefreshStateHeader.h */ = {isa = PBXFileReference; fileEncoding = 4; lastKnownFileType = sourcecode.c.h; path = MJRefreshStateHeader.h; sourceTree = "<group>"; };
		867E44E21DADEA2700C985A9 /* MJRefreshStateHeader.m */ = {isa = PBXFileReference; fileEncoding = 4; lastKnownFileType = sourcecode.c.objc; path = MJRefreshStateHeader.m; sourceTree = "<group>"; };
		867E44E31DADEA2700C985A9 /* MJRefresh.bundle */ = {isa = PBXFileReference; lastKnownFileType = "wrapper.plug-in"; path = MJRefresh.bundle; sourceTree = "<group>"; };
		867E44E41DADEA2700C985A9 /* MJRefresh.h */ = {isa = PBXFileReference; fileEncoding = 4; lastKnownFileType = sourcecode.c.h; path = MJRefresh.h; sourceTree = "<group>"; };
		867E44E51DADEA2700C985A9 /* MJRefreshConst.h */ = {isa = PBXFileReference; fileEncoding = 4; lastKnownFileType = sourcecode.c.h; path = MJRefreshConst.h; sourceTree = "<group>"; };
		867E44E61DADEA2700C985A9 /* MJRefreshConst.m */ = {isa = PBXFileReference; fileEncoding = 4; lastKnownFileType = sourcecode.c.objc; path = MJRefreshConst.m; sourceTree = "<group>"; };
		867E44E71DADEA2700C985A9 /* NSBundle+MJRefresh.h */ = {isa = PBXFileReference; fileEncoding = 4; lastKnownFileType = sourcecode.c.h; path = "NSBundle+MJRefresh.h"; sourceTree = "<group>"; };
		867E44E81DADEA2700C985A9 /* NSBundle+MJRefresh.m */ = {isa = PBXFileReference; fileEncoding = 4; lastKnownFileType = sourcecode.c.objc; path = "NSBundle+MJRefresh.m"; sourceTree = "<group>"; };
		867E44E91DADEA2700C985A9 /* UIScrollView+MJExtension.h */ = {isa = PBXFileReference; fileEncoding = 4; lastKnownFileType = sourcecode.c.h; path = "UIScrollView+MJExtension.h"; sourceTree = "<group>"; };
		867E44EA1DADEA2700C985A9 /* UIScrollView+MJExtension.m */ = {isa = PBXFileReference; fileEncoding = 4; lastKnownFileType = sourcecode.c.objc; path = "UIScrollView+MJExtension.m"; sourceTree = "<group>"; };
		867E44EB1DADEA2700C985A9 /* UIScrollView+MJRefresh.h */ = {isa = PBXFileReference; fileEncoding = 4; lastKnownFileType = sourcecode.c.h; path = "UIScrollView+MJRefresh.h"; sourceTree = "<group>"; };
		867E44EC1DADEA2700C985A9 /* UIScrollView+MJRefresh.m */ = {isa = PBXFileReference; fileEncoding = 4; lastKnownFileType = sourcecode.c.objc; path = "UIScrollView+MJRefresh.m"; sourceTree = "<group>"; };
		867E44ED1DADEA2700C985A9 /* UIView+MJExtension.h */ = {isa = PBXFileReference; fileEncoding = 4; lastKnownFileType = sourcecode.c.h; path = "UIView+MJExtension.h"; sourceTree = "<group>"; };
		867E44EE1DADEA2700C985A9 /* UIView+MJExtension.m */ = {isa = PBXFileReference; fileEncoding = 4; lastKnownFileType = sourcecode.c.objc; path = "UIView+MJExtension.m"; sourceTree = "<group>"; };
		8696707C1DAB9AF0001B28E2 /* CFContentScrollView.h */ = {isa = PBXFileReference; fileEncoding = 4; lastKnownFileType = sourcecode.c.h; path = CFContentScrollView.h; sourceTree = "<group>"; };
		8696707D1DAB9AF0001B28E2 /* CFContentScrollView.m */ = {isa = PBXFileReference; fileEncoding = 4; lastKnownFileType = sourcecode.c.objc; path = CFContentScrollView.m; sourceTree = "<group>"; };
/* End PBXFileReference section */

/* Begin PBXFrameworksBuildPhase section */
		8615A6B11D83E22E006EBCB1 /* Frameworks */ = {
			isa = PBXFrameworksBuildPhase;
			buildActionMask = 2147483647;
			files = (
			);
			runOnlyForDeploymentPostprocessing = 0;
		};
		8615A6CA1D83E22F006EBCB1 /* Frameworks */ = {
			isa = PBXFrameworksBuildPhase;
			buildActionMask = 2147483647;
			files = (
			);
			runOnlyForDeploymentPostprocessing = 0;
		};
		8615A6D51D83E22F006EBCB1 /* Frameworks */ = {
			isa = PBXFrameworksBuildPhase;
			buildActionMask = 2147483647;
			files = (
			);
			runOnlyForDeploymentPostprocessing = 0;
		};
/* End PBXFrameworksBuildPhase section */

/* Begin PBXGroup section */
		8615A6AB1D83E22E006EBCB1 = {
			isa = PBXGroup;
			children = (
				8615A6B61D83E22E006EBCB1 /* CFHoveringTableViewDemo */,
				8615A6D01D83E22F006EBCB1 /* CFHoveringTableViewDemoTests */,
				8615A6DB1D83E22F006EBCB1 /* CFHoveringTableViewDemoUITests */,
				8615A6B51D83E22E006EBCB1 /* Products */,
			);
			sourceTree = "<group>";
		};
		8615A6B51D83E22E006EBCB1 /* Products */ = {
			isa = PBXGroup;
			children = (
				8615A6B41D83E22E006EBCB1 /* CFHoveringTableViewDemo.app */,
				8615A6CD1D83E22F006EBCB1 /* CFHoveringTableViewDemoTests.xctest */,
				8615A6D81D83E22F006EBCB1 /* CFHoveringTableViewDemoUITests.xctest */,
			);
			name = Products;
			sourceTree = "<group>";
		};
		8615A6B61D83E22E006EBCB1 /* CFHoveringTableViewDemo */ = {
			isa = PBXGroup;
			children = (
				867E44C01DADEA2700C985A9 /* MJRefresh */,
				8615A6F31D83E7C5006EBCB1 /* Masonry1.0.1 */,
				8615A6BA1D83E22E006EBCB1 /* AppDelegate.h */,
				8615A6BB1D83E22E006EBCB1 /* AppDelegate.m */,
				8615A6BD1D83E22E006EBCB1 /* ViewController.h */,
				8615A6BE1D83E22E006EBCB1 /* ViewController.m */,
				8615A71F1D83F420006EBCB1 /* NextTableViewController.h */,
				8615A7201D83F420006EBCB1 /* NextTableViewController.m */,
				8615A6ED1D83E6F4006EBCB1 /* CFHoveringTableViewController.h */,
				8615A6EE1D83E6F4006EBCB1 /* CFHoveringTableViewController.m */,
				861A8ADA1DACDE3600512E5C /* CFContentHeadView.h */,
				861A8ADB1DACDE3600512E5C /* CFContentHeadView.m */,
				8696707C1DAB9AF0001B28E2 /* CFContentScrollView.h */,
				8696707D1DAB9AF0001B28E2 /* CFContentScrollView.m */,
				8615A6EA1D83E6D2006EBCB1 /* CFContentTableView.h */,
				8615A6EB1D83E6D2006EBCB1 /* CFContentTableView.m */,
				8615A6F01D83E789006EBCB1 /* CFTitleBar.h */,
				8615A6F11D83E789006EBCB1 /* CFTitleBar.m */,
				8615A6C01D83E22E006EBCB1 /* Main.storyboard */,
				8615A6C31D83E22E006EBCB1 /* Assets.xcassets */,
				8615A6C51D83E22E006EBCB1 /* LaunchScreen.storyboard */,
				8615A6C81D83E22E006EBCB1 /* Info.plist */,
				8615A6B71D83E22E006EBCB1 /* Supporting Files */,
				8615A71C1D83E7FC006EBCB1 /* CFPreHeader.pch */,
			);
			path = CFHoveringTableViewDemo;
			sourceTree = "<group>";
		};
		8615A6B71D83E22E006EBCB1 /* Supporting Files */ = {
			isa = PBXGroup;
			children = (
				8615A6B81D83E22E006EBCB1 /* main.m */,
			);
			name = "Supporting Files";
			sourceTree = "<group>";
		};
		8615A6D01D83E22F006EBCB1 /* CFHoveringTableViewDemoTests */ = {
			isa = PBXGroup;
			children = (
				8615A6D11D83E22F006EBCB1 /* CFHoveringTableViewDemoTests.m */,
				8615A6D31D83E22F006EBCB1 /* Info.plist */,
			);
			path = CFHoveringTableViewDemoTests;
			sourceTree = "<group>";
		};
		8615A6DB1D83E22F006EBCB1 /* CFHoveringTableViewDemoUITests */ = {
			isa = PBXGroup;
			children = (
				8615A6DC1D83E22F006EBCB1 /* CFHoveringTableViewDemoUITests.m */,
				8615A6DE1D83E22F006EBCB1 /* Info.plist */,
			);
			path = CFHoveringTableViewDemoUITests;
			sourceTree = "<group>";
		};
		8615A6F31D83E7C5006EBCB1 /* Masonry1.0.1 */ = {
			isa = PBXGroup;
			children = (
				8615A6F41D83E7C5006EBCB1 /* LICENSE */,
				8615A6F51D83E7C5006EBCB1 /* Masonry */,
				8615A70F1D83E7C5006EBCB1 /* README.md */,
			);
			path = Masonry1.0.1;
			sourceTree = "<group>";
		};
		8615A6F51D83E7C5006EBCB1 /* Masonry */ = {
			isa = PBXGroup;
			children = (
				8615A6F61D83E7C5006EBCB1 /* MASCompositeConstraint.h */,
				8615A6F71D83E7C5006EBCB1 /* MASCompositeConstraint.m */,
				8615A6F81D83E7C5006EBCB1 /* MASConstraint+Private.h */,
				8615A6F91D83E7C5006EBCB1 /* MASConstraint.h */,
				8615A6FA1D83E7C5006EBCB1 /* MASConstraint.m */,
				8615A6FB1D83E7C5006EBCB1 /* MASConstraintMaker.h */,
				8615A6FC1D83E7C5006EBCB1 /* MASConstraintMaker.m */,
				8615A6FD1D83E7C5006EBCB1 /* MASLayoutConstraint.h */,
				8615A6FE1D83E7C5006EBCB1 /* MASLayoutConstraint.m */,
				8615A6FF1D83E7C5006EBCB1 /* Masonry.h */,
				8615A7001D83E7C5006EBCB1 /* MASUtilities.h */,
				8615A7011D83E7C5006EBCB1 /* MASViewAttribute.h */,
				8615A7021D83E7C5006EBCB1 /* MASViewAttribute.m */,
				8615A7031D83E7C5006EBCB1 /* MASViewConstraint.h */,
				8615A7041D83E7C5006EBCB1 /* MASViewConstraint.m */,
				8615A7051D83E7C5006EBCB1 /* NSArray+MASAdditions.h */,
				8615A7061D83E7C5006EBCB1 /* NSArray+MASAdditions.m */,
				8615A7071D83E7C5006EBCB1 /* NSArray+MASShorthandAdditions.h */,
				8615A7081D83E7C5006EBCB1 /* NSLayoutConstraint+MASDebugAdditions.h */,
				8615A7091D83E7C5006EBCB1 /* NSLayoutConstraint+MASDebugAdditions.m */,
				8615A70A1D83E7C5006EBCB1 /* View+MASAdditions.h */,
				8615A70B1D83E7C5006EBCB1 /* View+MASAdditions.m */,
				8615A70C1D83E7C5006EBCB1 /* View+MASShorthandAdditions.h */,
				8615A70D1D83E7C5006EBCB1 /* ViewController+MASAdditions.h */,
				8615A70E1D83E7C5006EBCB1 /* ViewController+MASAdditions.m */,
			);
			path = Masonry;
			sourceTree = "<group>";
		};
		867E44C01DADEA2700C985A9 /* MJRefresh */ = {
			isa = PBXGroup;
			children = (
				867E44C11DADEA2700C985A9 /* Base */,
				867E44CC1DADEA2700C985A9 /* Custom */,
				867E44E31DADEA2700C985A9 /* MJRefresh.bundle */,
				867E44E41DADEA2700C985A9 /* MJRefresh.h */,
				867E44E51DADEA2700C985A9 /* MJRefreshConst.h */,
				867E44E61DADEA2700C985A9 /* MJRefreshConst.m */,
				867E44E71DADEA2700C985A9 /* NSBundle+MJRefresh.h */,
				867E44E81DADEA2700C985A9 /* NSBundle+MJRefresh.m */,
				867E44E91DADEA2700C985A9 /* UIScrollView+MJExtension.h */,
				867E44EA1DADEA2700C985A9 /* UIScrollView+MJExtension.m */,
				867E44EB1DADEA2700C985A9 /* UIScrollView+MJRefresh.h */,
				867E44EC1DADEA2700C985A9 /* UIScrollView+MJRefresh.m */,
				867E44ED1DADEA2700C985A9 /* UIView+MJExtension.h */,
				867E44EE1DADEA2700C985A9 /* UIView+MJExtension.m */,
			);
			path = MJRefresh;
			sourceTree = "<group>";
		};
		867E44C11DADEA2700C985A9 /* Base */ = {
			isa = PBXGroup;
			children = (
				867E44C21DADEA2700C985A9 /* MJRefreshAutoFooter.h */,
				867E44C31DADEA2700C985A9 /* MJRefreshAutoFooter.m */,
				867E44C41DADEA2700C985A9 /* MJRefreshBackFooter.h */,
				867E44C51DADEA2700C985A9 /* MJRefreshBackFooter.m */,
				867E44C61DADEA2700C985A9 /* MJRefreshComponent.h */,
				867E44C71DADEA2700C985A9 /* MJRefreshComponent.m */,
				867E44C81DADEA2700C985A9 /* MJRefreshFooter.h */,
				867E44C91DADEA2700C985A9 /* MJRefreshFooter.m */,
				867E44CA1DADEA2700C985A9 /* MJRefreshHeader.h */,
				867E44CB1DADEA2700C985A9 /* MJRefreshHeader.m */,
			);
			path = Base;
			sourceTree = "<group>";
		};
		867E44CC1DADEA2700C985A9 /* Custom */ = {
			isa = PBXGroup;
			children = (
				867E44CD1DADEA2700C985A9 /* Footer */,
				867E44DC1DADEA2700C985A9 /* Header */,
			);
			path = Custom;
			sourceTree = "<group>";
		};
		867E44CD1DADEA2700C985A9 /* Footer */ = {
			isa = PBXGroup;
			children = (
				867E44CE1DADEA2700C985A9 /* Auto */,
				867E44D51DADEA2700C985A9 /* Back */,
			);
			path = Footer;
			sourceTree = "<group>";
		};
		867E44CE1DADEA2700C985A9 /* Auto */ = {
			isa = PBXGroup;
			children = (
				867E44CF1DADEA2700C985A9 /* MJRefreshAutoGifFooter.h */,
				867E44D01DADEA2700C985A9 /* MJRefreshAutoGifFooter.m */,
				867E44D11DADEA2700C985A9 /* MJRefreshAutoNormalFooter.h */,
				867E44D21DADEA2700C985A9 /* MJRefreshAutoNormalFooter.m */,
				867E44D31DADEA2700C985A9 /* MJRefreshAutoStateFooter.h */,
				867E44D41DADEA2700C985A9 /* MJRefreshAutoStateFooter.m */,
			);
			path = Auto;
			sourceTree = "<group>";
		};
		867E44D51DADEA2700C985A9 /* Back */ = {
			isa = PBXGroup;
			children = (
				867E44D61DADEA2700C985A9 /* MJRefreshBackGifFooter.h */,
				867E44D71DADEA2700C985A9 /* MJRefreshBackGifFooter.m */,
				867E44D81DADEA2700C985A9 /* MJRefreshBackNormalFooter.h */,
				867E44D91DADEA2700C985A9 /* MJRefreshBackNormalFooter.m */,
				867E44DA1DADEA2700C985A9 /* MJRefreshBackStateFooter.h */,
				867E44DB1DADEA2700C985A9 /* MJRefreshBackStateFooter.m */,
			);
			path = Back;
			sourceTree = "<group>";
		};
		867E44DC1DADEA2700C985A9 /* Header */ = {
			isa = PBXGroup;
			children = (
				867E44DD1DADEA2700C985A9 /* MJRefreshGifHeader.h */,
				867E44DE1DADEA2700C985A9 /* MJRefreshGifHeader.m */,
				867E44DF1DADEA2700C985A9 /* MJRefreshNormalHeader.h */,
				867E44E01DADEA2700C985A9 /* MJRefreshNormalHeader.m */,
				867E44E11DADEA2700C985A9 /* MJRefreshStateHeader.h */,
				867E44E21DADEA2700C985A9 /* MJRefreshStateHeader.m */,
			);
			path = Header;
			sourceTree = "<group>";
		};
/* End PBXGroup section */

/* Begin PBXNativeTarget section */
		8615A6B31D83E22E006EBCB1 /* CFHoveringTableViewDemo */ = {
			isa = PBXNativeTarget;
			buildConfigurationList = 8615A6E11D83E22F006EBCB1 /* Build configuration list for PBXNativeTarget "CFHoveringTableViewDemo" */;
			buildPhases = (
				8615A6B01D83E22E006EBCB1 /* Sources */,
				8615A6B11D83E22E006EBCB1 /* Frameworks */,
				8615A6B21D83E22E006EBCB1 /* Resources */,
			);
			buildRules = (
			);
			dependencies = (
			);
			name = CFHoveringTableViewDemo;
			productName = CFHoveringTableViewDemo;
			productReference = 8615A6B41D83E22E006EBCB1 /* CFHoveringTableViewDemo.app */;
			productType = "com.apple.product-type.application";
		};
		8615A6CC1D83E22F006EBCB1 /* CFHoveringTableViewDemoTests */ = {
			isa = PBXNativeTarget;
			buildConfigurationList = 8615A6E41D83E22F006EBCB1 /* Build configuration list for PBXNativeTarget "CFHoveringTableViewDemoTests" */;
			buildPhases = (
				8615A6C91D83E22F006EBCB1 /* Sources */,
				8615A6CA1D83E22F006EBCB1 /* Frameworks */,
				8615A6CB1D83E22F006EBCB1 /* Resources */,
			);
			buildRules = (
			);
			dependencies = (
				8615A6CF1D83E22F006EBCB1 /* PBXTargetDependency */,
			);
			name = CFHoveringTableViewDemoTests;
			productName = CFHoveringTableViewDemoTests;
			productReference = 8615A6CD1D83E22F006EBCB1 /* CFHoveringTableViewDemoTests.xctest */;
			productType = "com.apple.product-type.bundle.unit-test";
		};
		8615A6D71D83E22F006EBCB1 /* CFHoveringTableViewDemoUITests */ = {
			isa = PBXNativeTarget;
			buildConfigurationList = 8615A6E71D83E22F006EBCB1 /* Build configuration list for PBXNativeTarget "CFHoveringTableViewDemoUITests" */;
			buildPhases = (
				8615A6D41D83E22F006EBCB1 /* Sources */,
				8615A6D51D83E22F006EBCB1 /* Frameworks */,
				8615A6D61D83E22F006EBCB1 /* Resources */,
			);
			buildRules = (
			);
			dependencies = (
				8615A6DA1D83E22F006EBCB1 /* PBXTargetDependency */,
			);
			name = CFHoveringTableViewDemoUITests;
			productName = CFHoveringTableViewDemoUITests;
			productReference = 8615A6D81D83E22F006EBCB1 /* CFHoveringTableViewDemoUITests.xctest */;
			productType = "com.apple.product-type.bundle.ui-testing";
		};
/* End PBXNativeTarget section */

/* Begin PBXProject section */
		8615A6AC1D83E22E006EBCB1 /* Project object */ = {
			isa = PBXProject;
			attributes = {
				LastUpgradeCheck = 0730;
				ORGANIZATIONNAME = "于传峰";
				TargetAttributes = {
					8615A6B31D83E22E006EBCB1 = {
						CreatedOnToolsVersion = 7.3.1;
						DevelopmentTeam = 84JG8K95UQ;
					};
					8615A6CC1D83E22F006EBCB1 = {
						CreatedOnToolsVersion = 7.3.1;
						TestTargetID = 8615A6B31D83E22E006EBCB1;
					};
					8615A6D71D83E22F006EBCB1 = {
						CreatedOnToolsVersion = 7.3.1;
						TestTargetID = 8615A6B31D83E22E006EBCB1;
					};
				};
			};
			buildConfigurationList = 8615A6AF1D83E22E006EBCB1 /* Build configuration list for PBXProject "CFHoveringTableViewDemo" */;
			compatibilityVersion = "Xcode 3.2";
			developmentRegion = English;
			hasScannedForEncodings = 0;
			knownRegions = (
				en,
				Base,
			);
			mainGroup = 8615A6AB1D83E22E006EBCB1;
			productRefGroup = 8615A6B51D83E22E006EBCB1 /* Products */;
			projectDirPath = "";
			projectRoot = "";
			targets = (
				8615A6B31D83E22E006EBCB1 /* CFHoveringTableViewDemo */,
				8615A6CC1D83E22F006EBCB1 /* CFHoveringTableViewDemoTests */,
				8615A6D71D83E22F006EBCB1 /* CFHoveringTableViewDemoUITests */,
			);
		};
/* End PBXProject section */

/* Begin PBXResourcesBuildPhase section */
		8615A6B21D83E22E006EBCB1 /* Resources */ = {
			isa = PBXResourcesBuildPhase;
			buildActionMask = 2147483647;
			files = (
				8615A6C71D83E22E006EBCB1 /* LaunchScreen.storyboard in Resources */,
				8615A6C41D83E22E006EBCB1 /* Assets.xcassets in Resources */,
				8615A7101D83E7C5006EBCB1 /* LICENSE in Resources */,
				867E44FD1DADEA2700C985A9 /* MJRefresh.bundle in Resources */,
				8615A6C21D83E22E006EBCB1 /* Main.storyboard in Resources */,
			);
			runOnlyForDeploymentPostprocessing = 0;
		};
		8615A6CB1D83E22F006EBCB1 /* Resources */ = {
			isa = PBXResourcesBuildPhase;
			buildActionMask = 2147483647;
			files = (
			);
			runOnlyForDeploymentPostprocessing = 0;
		};
		8615A6D61D83E22F006EBCB1 /* Resources */ = {
			isa = PBXResourcesBuildPhase;
			buildActionMask = 2147483647;
			files = (
			);
			runOnlyForDeploymentPostprocessing = 0;
		};
/* End PBXResourcesBuildPhase section */

/* Begin PBXSourcesBuildPhase section */
		8615A6B01D83E22E006EBCB1 /* Sources */ = {
			isa = PBXSourcesBuildPhase;
			buildActionMask = 2147483647;
			files = (
				8615A7121D83E7C5006EBCB1 /* MASConstraint.m in Sources */,
				867E45001DADEA2700C985A9 /* UIScrollView+MJExtension.m in Sources */,
				867E44EF1DADEA2700C985A9 /* MJRefreshAutoFooter.m in Sources */,
				8615A7151D83E7C5006EBCB1 /* MASViewAttribute.m in Sources */,
				8615A71A1D83E7C5006EBCB1 /* ViewController+MASAdditions.m in Sources */,
				8615A7171D83E7C5006EBCB1 /* NSArray+MASAdditions.m in Sources */,
				8615A6BF1D83E22E006EBCB1 /* ViewController.m in Sources */,
				8615A7161D83E7C5006EBCB1 /* MASViewConstraint.m in Sources */,
				8615A7141D83E7C5006EBCB1 /* MASLayoutConstraint.m in Sources */,
				867E44F11DADEA2700C985A9 /* MJRefreshComponent.m in Sources */,
				867E45011DADEA2700C985A9 /* UIScrollView+MJRefresh.m in Sources */,
				8615A6F21D83E789006EBCB1 /* CFTitleBar.m in Sources */,
				867E44F71DADEA2700C985A9 /* MJRefreshBackGifFooter.m in Sources */,
				8615A7211D83F420006EBCB1 /* NextTableViewController.m in Sources */,
				8615A6EF1D83E6F4006EBCB1 /* CFHoveringTableViewController.m in Sources */,
				8615A7191D83E7C5006EBCB1 /* View+MASAdditions.m in Sources */,
				861A8ADC1DACDE3600512E5C /* CFContentHeadView.m in Sources */,
				867E44FC1DADEA2700C985A9 /* MJRefreshStateHeader.m in Sources */,
				867E44F81DADEA2700C985A9 /* MJRefreshBackNormalFooter.m in Sources */,
				867E44F51DADEA2700C985A9 /* MJRefreshAutoNormalFooter.m in Sources */,
				8615A7111D83E7C5006EBCB1 /* MASCompositeConstraint.m in Sources */,
				867E44FF1DADEA2700C985A9 /* NSBundle+MJRefresh.m in Sources */,
				867E45021DADEA2700C985A9 /* UIView+MJExtension.m in Sources */,
				867E44FB1DADEA2700C985A9 /* MJRefreshNormalHeader.m in Sources */,
				867E44F61DADEA2700C985A9 /* MJRefreshAutoStateFooter.m in Sources */,
				867E44F01DADEA2700C985A9 /* MJRefreshBackFooter.m in Sources */,
				867E44FA1DADEA2700C985A9 /* MJRefreshGifHeader.m in Sources */,
				8615A71B1D83E7C5006EBCB1 /* README.md in Sources */,
				867E44FE1DADEA2700C985A9 /* MJRefreshConst.m in Sources */,
				867E44F41DADEA2700C985A9 /* MJRefreshAutoGifFooter.m in Sources */,
				867E44F21DADEA2700C985A9 /* MJRefreshFooter.m in Sources */,
				8696707E1DAB9AF0001B28E2 /* CFContentScrollView.m in Sources */,
				867E44F91DADEA2700C985A9 /* MJRefreshBackStateFooter.m in Sources */,
				8615A7181D83E7C5006EBCB1 /* NSLayoutConstraint+MASDebugAdditions.m in Sources */,
				867E44F31DADEA2700C985A9 /* MJRefreshHeader.m in Sources */,
				8615A7131D83E7C5006EBCB1 /* MASConstraintMaker.m in Sources */,
				8615A6BC1D83E22E006EBCB1 /* AppDelegate.m in Sources */,
				8615A6EC1D83E6D2006EBCB1 /* CFContentTableView.m in Sources */,
				8615A6B91D83E22E006EBCB1 /* main.m in Sources */,
			);
			runOnlyForDeploymentPostprocessing = 0;
		};
		8615A6C91D83E22F006EBCB1 /* Sources */ = {
			isa = PBXSourcesBuildPhase;
			buildActionMask = 2147483647;
			files = (
				8615A6D21D83E22F006EBCB1 /* CFHoveringTableViewDemoTests.m in Sources */,
			);
			runOnlyForDeploymentPostprocessing = 0;
		};
		8615A6D41D83E22F006EBCB1 /* Sources */ = {
			isa = PBXSourcesBuildPhase;
			buildActionMask = 2147483647;
			files = (
				8615A6DD1D83E22F006EBCB1 /* CFHoveringTableViewDemoUITests.m in Sources */,
			);
			runOnlyForDeploymentPostprocessing = 0;
		};
/* End PBXSourcesBuildPhase section */

/* Begin PBXTargetDependency section */
		8615A6CF1D83E22F006EBCB1 /* PBXTargetDependency */ = {
			isa = PBXTargetDependency;
			target = 8615A6B31D83E22E006EBCB1 /* CFHoveringTableViewDemo */;
			targetProxy = 8615A6CE1D83E22F006EBCB1 /* PBXContainerItemProxy */;
		};
		8615A6DA1D83E22F006EBCB1 /* PBXTargetDependency */ = {
			isa = PBXTargetDependency;
			target = 8615A6B31D83E22E006EBCB1 /* CFHoveringTableViewDemo */;
			targetProxy = 8615A6D91D83E22F006EBCB1 /* PBXContainerItemProxy */;
		};
/* End PBXTargetDependency section */

/* Begin PBXVariantGroup section */
		8615A6C01D83E22E006EBCB1 /* Main.storyboard */ = {
			isa = PBXVariantGroup;
			children = (
				8615A6C11D83E22E006EBCB1 /* Base */,
			);
			name = Main.storyboard;
			sourceTree = "<group>";
		};
		8615A6C51D83E22E006EBCB1 /* LaunchScreen.storyboard */ = {
			isa = PBXVariantGroup;
			children = (
				8615A6C61D83E22E006EBCB1 /* Base */,
			);
			name = LaunchScreen.storyboard;
			sourceTree = "<group>";
		};
/* End PBXVariantGroup section */

/* Begin XCBuildConfiguration section */
		8615A6DF1D83E22F006EBCB1 /* Debug */ = {
			isa = XCBuildConfiguration;
			buildSettings = {
				ALWAYS_SEARCH_USER_PATHS = NO;
				CLANG_ANALYZER_NONNULL = YES;
				CLANG_CXX_LANGUAGE_STANDARD = "gnu++0x";
				CLANG_CXX_LIBRARY = "libc++";
				CLANG_ENABLE_MODULES = YES;
				CLANG_ENABLE_OBJC_ARC = YES;
				CLANG_WARN_BOOL_CONVERSION = YES;
				CLANG_WARN_CONSTANT_CONVERSION = YES;
				CLANG_WARN_DIRECT_OBJC_ISA_USAGE = YES_ERROR;
				CLANG_WARN_EMPTY_BODY = YES;
				CLANG_WARN_ENUM_CONVERSION = YES;
				CLANG_WARN_INT_CONVERSION = YES;
				CLANG_WARN_OBJC_ROOT_CLASS = YES_ERROR;
				CLANG_WARN_UNREACHABLE_CODE = YES;
				CLANG_WARN__DUPLICATE_METHOD_MATCH = YES;
				"CODE_SIGN_IDENTITY[sdk=iphoneos*]" = "iPhone Developer";
				COPY_PHASE_STRIP = NO;
				DEBUG_INFORMATION_FORMAT = dwarf;
				ENABLE_STRICT_OBJC_MSGSEND = YES;
				ENABLE_TESTABILITY = YES;
				GCC_C_LANGUAGE_STANDARD = gnu99;
				GCC_DYNAMIC_NO_PIC = NO;
				GCC_NO_COMMON_BLOCKS = YES;
				GCC_OPTIMIZATION_LEVEL = 0;
				GCC_PREPROCESSOR_DEFINITIONS = (
					"DEBUG=1",
					"$(inherited)",
				);
				GCC_WARN_64_TO_32_BIT_CONVERSION = YES;
				GCC_WARN_ABOUT_RETURN_TYPE = YES_ERROR;
				GCC_WARN_UNDECLARED_SELECTOR = YES;
				GCC_WARN_UNINITIALIZED_AUTOS = YES_AGGRESSIVE;
				GCC_WARN_UNUSED_FUNCTION = YES;
				GCC_WARN_UNUSED_VARIABLE = YES;
				IPHONEOS_DEPLOYMENT_TARGET = 8.2;
				MTL_ENABLE_DEBUG_INFO = YES;
				ONLY_ACTIVE_ARCH = YES;
				SDKROOT = iphoneos;
				TARGETED_DEVICE_FAMILY = "1,2";
			};
			name = Debug;
		};
		8615A6E01D83E22F006EBCB1 /* Release */ = {
			isa = XCBuildConfiguration;
			buildSettings = {
				ALWAYS_SEARCH_USER_PATHS = NO;
				CLANG_ANALYZER_NONNULL = YES;
				CLANG_CXX_LANGUAGE_STANDARD = "gnu++0x";
				CLANG_CXX_LIBRARY = "libc++";
				CLANG_ENABLE_MODULES = YES;
				CLANG_ENABLE_OBJC_ARC = YES;
				CLANG_WARN_BOOL_CONVERSION = YES;
				CLANG_WARN_CONSTANT_CONVERSION = YES;
				CLANG_WARN_DIRECT_OBJC_ISA_USAGE = YES_ERROR;
				CLANG_WARN_EMPTY_BODY = YES;
				CLANG_WARN_ENUM_CONVERSION = YES;
				CLANG_WARN_INT_CONVERSION = YES;
				CLANG_WARN_OBJC_ROOT_CLASS = YES_ERROR;
				CLANG_WARN_UNREACHABLE_CODE = YES;
				CLANG_WARN__DUPLICATE_METHOD_MATCH = YES;
				"CODE_SIGN_IDENTITY[sdk=iphoneos*]" = "iPhone Developer";
				COPY_PHASE_STRIP = NO;
				DEBUG_INFORMATION_FORMAT = "dwarf-with-dsym";
				ENABLE_NS_ASSERTIONS = NO;
				ENABLE_STRICT_OBJC_MSGSEND = YES;
				GCC_C_LANGUAGE_STANDARD = gnu99;
				GCC_NO_COMMON_BLOCKS = YES;
				GCC_WARN_64_TO_32_BIT_CONVERSION = YES;
				GCC_WARN_ABOUT_RETURN_TYPE = YES_ERROR;
				GCC_WARN_UNDECLARED_SELECTOR = YES;
				GCC_WARN_UNINITIALIZED_AUTOS = YES_AGGRESSIVE;
				GCC_WARN_UNUSED_FUNCTION = YES;
				GCC_WARN_UNUSED_VARIABLE = YES;
				IPHONEOS_DEPLOYMENT_TARGET = 8.2;
				MTL_ENABLE_DEBUG_INFO = NO;
				SDKROOT = iphoneos;
				TARGETED_DEVICE_FAMILY = "1,2";
				VALIDATE_PRODUCT = YES;
			};
			name = Release;
		};
		8615A6E21D83E22F006EBCB1 /* Debug */ = {
			isa = XCBuildConfiguration;
			buildSettings = {
				ASSETCATALOG_COMPILER_APPICON_NAME = AppIcon;
				DEVELOPMENT_TEAM = 84JG8K95UQ;
				GCC_PRECOMPILE_PREFIX_HEADER = YES;
				GCC_PREFIX_HEADER = CFHoveringTableViewDemo/CFPreHeader.pch;
				INFOPLIST_FILE = CFHoveringTableViewDemo/Info.plist;
				LD_RUNPATH_SEARCH_PATHS = "$(inherited) @executable_path/Frameworks";
				PRODUCT_BUNDLE_IDENTIFIER = yuchuanfeng.CFHoveringTableViewDemo;
				PRODUCT_NAME = "$(TARGET_NAME)";
			};
			name = Debug;
		};
		8615A6E31D83E22F006EBCB1 /* Release */ = {
			isa = XCBuildConfiguration;
			buildSettings = {
				ASSETCATALOG_COMPILER_APPICON_NAME = AppIcon;
				DEVELOPMENT_TEAM = 84JG8K95UQ;
				GCC_PRECOMPILE_PREFIX_HEADER = YES;
				GCC_PREFIX_HEADER = CFHoveringTableViewDemo/CFPreHeader.pch;
				INFOPLIST_FILE = CFHoveringTableViewDemo/Info.plist;
				LD_RUNPATH_SEARCH_PATHS = "$(inherited) @executable_path/Frameworks";
				PRODUCT_BUNDLE_IDENTIFIER = yuchuanfeng.CFHoveringTableViewDemo;
				PRODUCT_NAME = "$(TARGET_NAME)";
			};
			name = Release;
		};
		8615A6E51D83E22F006EBCB1 /* Debug */ = {
			isa = XCBuildConfiguration;
			buildSettings = {
				BUNDLE_LOADER = "$(TEST_HOST)";
				INFOPLIST_FILE = CFHoveringTableViewDemoTests/Info.plist;
				LD_RUNPATH_SEARCH_PATHS = "$(inherited) @executable_path/Frameworks @loader_path/Frameworks";
				PRODUCT_BUNDLE_IDENTIFIER = yuchuanfeng.CFHoveringTableViewDemoTests;
				PRODUCT_NAME = "$(TARGET_NAME)";
				TEST_HOST = "$(BUILT_PRODUCTS_DIR)/CFHoveringTableViewDemo.app/CFHoveringTableViewDemo";
			};
			name = Debug;
		};
		8615A6E61D83E22F006EBCB1 /* Release */ = {
			isa = XCBuildConfiguration;
			buildSettings = {
				BUNDLE_LOADER = "$(TEST_HOST)";
				INFOPLIST_FILE = CFHoveringTableViewDemoTests/Info.plist;
				LD_RUNPATH_SEARCH_PATHS = "$(inherited) @executable_path/Frameworks @loader_path/Frameworks";
				PRODUCT_BUNDLE_IDENTIFIER = yuchuanfeng.CFHoveringTableViewDemoTests;
				PRODUCT_NAME = "$(TARGET_NAME)";
				TEST_HOST = "$(BUILT_PRODUCTS_DIR)/CFHoveringTableViewDemo.app/CFHoveringTableViewDemo";
			};
			name = Release;
		};
		8615A6E81D83E22F006EBCB1 /* Debug */ = {
			isa = XCBuildConfiguration;
			buildSettings = {
				INFOPLIST_FILE = CFHoveringTableViewDemoUITests/Info.plist;
				LD_RUNPATH_SEARCH_PATHS = "$(inherited) @executable_path/Frameworks @loader_path/Frameworks";
				PRODUCT_BUNDLE_IDENTIFIER = yuchuanfeng.CFHoveringTableViewDemoUITests;
				PRODUCT_NAME = "$(TARGET_NAME)";
				TEST_TARGET_NAME = CFHoveringTableViewDemo;
			};
			name = Debug;
		};
		8615A6E91D83E22F006EBCB1 /* Release */ = {
			isa = XCBuildConfiguration;
			buildSettings = {
				INFOPLIST_FILE = CFHoveringTableViewDemoUITests/Info.plist;
				LD_RUNPATH_SEARCH_PATHS = "$(inherited) @executable_path/Frameworks @loader_path/Frameworks";
				PRODUCT_BUNDLE_IDENTIFIER = yuchuanfeng.CFHoveringTableViewDemoUITests;
				PRODUCT_NAME = "$(TARGET_NAME)";
				TEST_TARGET_NAME = CFHoveringTableViewDemo;
			};
			name = Release;
		};
/* End XCBuildConfiguration section */

/* Begin XCConfigurationList section */
		8615A6AF1D83E22E006EBCB1 /* Build configuration list for PBXProject "CFHoveringTableViewDemo" */ = {
			isa = XCConfigurationList;
			buildConfigurations = (
				8615A6DF1D83E22F006EBCB1 /* Debug */,
				8615A6E01D83E22F006EBCB1 /* Release */,
			);
			defaultConfigurationIsVisible = 0;
			defaultConfigurationName = Release;
		};
		8615A6E11D83E22F006EBCB1 /* Build configuration list for PBXNativeTarget "CFHoveringTableViewDemo" */ = {
			isa = XCConfigurationList;
			buildConfigurations = (
				8615A6E21D83E22F006EBCB1 /* Debug */,
				8615A6E31D83E22F006EBCB1 /* Release */,
			);
			defaultConfigurationIsVisible = 0;
			defaultConfigurationName = Release;
		};
		8615A6E41D83E22F006EBCB1 /* Build configuration list for PBXNativeTarget "CFHoveringTableViewDemoTests" */ = {
			isa = XCConfigurationList;
			buildConfigurations = (
				8615A6E51D83E22F006EBCB1 /* Debug */,
				8615A6E61D83E22F006EBCB1 /* Release */,
			);
			defaultConfigurationIsVisible = 0;
			defaultConfigurationName = Release;
		};
		8615A6E71D83E22F006EBCB1 /* Build configuration list for PBXNativeTarget "CFHoveringTableViewDemoUITests" */ = {
			isa = XCConfigurationList;
			buildConfigurations = (
				8615A6E81D83E22F006EBCB1 /* Debug */,
				8615A6E91D83E22F006EBCB1 /* Release */,
			);
			defaultConfigurationIsVisible = 0;
			defaultConfigurationName = Release;
		};
/* End XCConfigurationList section */
	};
	rootObject = 8615A6AC1D83E22E006EBCB1 /* Project object */;
}
